// !$*UTF8*$!
{
	archiveVersion = 1;
	classes = {
	};
	objectVersion = 46;
	objects = {

/* Begin PBXBuildFile section */
		12BFB6D81A82EB9D00C9D644 /* AppDelegate.swift in Sources */ = {isa = PBXBuildFile; fileRef = 12BFB6D71A82EB9D00C9D644 /* AppDelegate.swift */; };
		12BFB6DA1A82EB9D00C9D644 /* ViewController.swift in Sources */ = {isa = PBXBuildFile; fileRef = 12BFB6D91A82EB9D00C9D644 /* ViewController.swift */; };
		12BFB6DD1A82EB9D00C9D644 /* Main.storyboard in Resources */ = {isa = PBXBuildFile; fileRef = 12BFB6DB1A82EB9D00C9D644 /* Main.storyboard */; };
		12BFB6DF1A82EB9D00C9D644 /* Images.xcassets in Resources */ = {isa = PBXBuildFile; fileRef = 12BFB6DE1A82EB9D00C9D644 /* Images.xcassets */; };
		12BFB6E21A82EB9D00C9D644 /* LaunchScreen.xib in Resources */ = {isa = PBXBuildFile; fileRef = 12BFB6E01A82EB9D00C9D644 /* LaunchScreen.xib */; };
		12BFB6EE1A82EB9D00C9D644 /* TabBarControllerInCodeTests.swift in Sources */ = {isa = PBXBuildFile; fileRef = 12BFB6ED1A82EB9D00C9D644 /* TabBarControllerInCodeTests.swift */; };
/* End PBXBuildFile section */

/* Begin PBXContainerItemProxy section */
		12BFB6E81A82EB9D00C9D644 /* PBXContainerItemProxy */ = {
			isa = PBXContainerItemProxy;
			containerPortal = 12BFB6CA1A82EB9D00C9D644 /* Project object */;
			proxyType = 1;
			remoteGlobalIDString = 12BFB6D11A82EB9D00C9D644;
			remoteInfo = TabBarControllerInCode;
		};
/* End PBXContainerItemProxy section */

/* Begin PBXFileReference section */
		12BFB6D21A82EB9D00C9D644 /* TabBarControllerInCode.app */ = {isa = PBXFileReference; explicitFileType = wrapper.application; includeInIndex = 0; path = TabBarControllerInCode.app; sourceTree = BUILT_PRODUCTS_DIR; };
		12BFB6D61A82EB9D00C9D644 /* Info.plist */ = {isa = PBXFileReference; lastKnownFileType = text.plist.xml; path = Info.plist; sourceTree = "<group>"; };
		12BFB6D71A82EB9D00C9D644 /* AppDelegate.swift */ = {isa = PBXFileReference; lastKnownFileType = sourcecode.swift; path = AppDelegate.swift; sourceTree = "<group>"; };
		12BFB6D91A82EB9D00C9D644 /* ViewController.swift */ = {isa = PBXFileReference; lastKnownFileType = sourcecode.swift; path = ViewController.swift; sourceTree = "<group>"; };
		12BFB6DC1A82EB9D00C9D644 /* Base */ = {isa = PBXFileReference; lastKnownFileType = file.storyboard; name = Base; path = Base.lproj/Main.storyboard; sourceTree = "<group>"; };
		12BFB6DE1A82EB9D00C9D644 /* Images.xcassets */ = {isa = PBXFileReference; lastKnownFileType = folder.assetcatalog; path = Images.xcassets; sourceTree = "<group>"; };
		12BFB6E11A82EB9D00C9D644 /* Base */ = {isa = PBXFileReference; lastKnownFileType = file.xib; name = Base; path = Base.lproj/LaunchScreen.xib; sourceTree = "<group>"; };
		12BFB6E71A82EB9D00C9D644 /* TabBarControllerInCodeTests.xctest */ = {isa = PBXFileReference; explicitFileType = wrapper.cfbundle; includeInIndex = 0; path = TabBarControllerInCodeTests.xctest; sourceTree = BUILT_PRODUCTS_DIR; };
		12BFB6EC1A82EB9D00C9D644 /* Info.plist */ = {isa = PBXFileReference; lastKnownFileType = text.plist.xml; path = Info.plist; sourceTree = "<group>"; };
		12BFB6ED1A82EB9D00C9D644 /* TabBarControllerInCodeTests.swift */ = {isa = PBXFileReference; lastKnownFileType = sourcecode.swift; path = TabBarControllerInCodeTests.swift; sourceTree = "<group>"; };
/* End PBXFileReference section */

/* Begin PBXFrameworksBuildPhase section */
		12BFB6CF1A82EB9D00C9D644 /* Frameworks */ = {
			isa = PBXFrameworksBuildPhase;
			buildActionMask = 2147483647;
			files = (
			);
			runOnlyForDeploymentPostprocessing = 0;
		};
		12BFB6E41A82EB9D00C9D644 /* Frameworks */ = {
			isa = PBXFrameworksBuildPhase;
			buildActionMask = 2147483647;
			files = (
			);
			runOnlyForDeploymentPostprocessing = 0;
		};
/* End PBXFrameworksBuildPhase section */

/* Begin PBXGroup section */
		12BFB6C91A82EB9D00C9D644 = {
			isa = PBXGroup;
			children = (
				12BFB6D41A82EB9D00C9D644 /* TabBarControllerInCode */,
				12BFB6EA1A82EB9D00C9D644 /* TabBarControllerInCodeTests */,
				12BFB6D31A82EB9D00C9D644 /* Products */,
			);
			sourceTree = "<group>";
		};
		12BFB6D31A82EB9D00C9D644 /* Products */ = {
			isa = PBXGroup;
			children = (
				12BFB6D21A82EB9D00C9D644 /* TabBarControllerInCode.app */,
				12BFB6E71A82EB9D00C9D644 /* TabBarControllerInCodeTests.xctest */,
			);
			name = Products;
			sourceTree = "<group>";
		};
		12BFB6D41A82EB9D00C9D644 /* TabBarControllerInCode */ = {
			isa = PBXGroup;
			children = (
				12BFB6D71A82EB9D00C9D644 /* AppDelegate.swift */,
				12BFB6D91A82EB9D00C9D644 /* ViewController.swift */,
				12BFB6DB1A82EB9D00C9D644 /* Main.storyboard */,
				12BFB6DE1A82EB9D00C9D644 /* Images.xcassets */,
				12BFB6E01A82EB9D00C9D644 /* LaunchScreen.xib */,
				12BFB6D51A82EB9D00C9D644 /* Supporting Files */,
			);
			path = TabBarControllerInCode;
			sourceTree = "<group>";
		};
		12BFB6D51A82EB9D00C9D644 /* Supporting Files */ = {
			isa = PBXGroup;
			children = (
				12BFB6D61A82EB9D00C9D644 /* Info.plist */,
			);
			name = "Supporting Files";
			sourceTree = "<group>";
		};
		12BFB6EA1A82EB9D00C9D644 /* TabBarControllerInCodeTests */ = {
			isa = PBXGroup;
			children = (
				12BFB6ED1A82EB9D00C9D644 /* TabBarControllerInCodeTests.swift */,
				12BFB6EB1A82EB9D00C9D644 /* Supporting Files */,
			);
			path = TabBarControllerInCodeTests;
			sourceTree = "<group>";
		};
		12BFB6EB1A82EB9D00C9D644 /* Supporting Files */ = {
			isa = PBXGroup;
			children = (
				12BFB6EC1A82EB9D00C9D644 /* Info.plist */,
			);
			name = "Supporting Files";
			sourceTree = "<group>";
		};
/* End PBXGroup section */

/* Begin PBXNativeTarget section */
		12BFB6D11A82EB9D00C9D644 /* TabBarControllerInCode */ = {
			isa = PBXNativeTarget;
			buildConfigurationList = 12BFB6F11A82EB9D00C9D644 /* Build configuration list for PBXNativeTarget "TabBarControllerInCode" */;
			buildPhases = (
				12BFB6CE1A82EB9D00C9D644 /* Sources */,
				12BFB6CF1A82EB9D00C9D644 /* Frameworks */,
				12BFB6D01A82EB9D00C9D644 /* Resources */,
			);
			buildRules = (
			);
			dependencies = (
			);
			name = TabBarControllerInCode;
			productName = TabBarControllerInCode;
			productReference = 12BFB6D21A82EB9D00C9D644 /* TabBarControllerInCode.app */;
			productType = "com.apple.product-type.application";
		};
		12BFB6E61A82EB9D00C9D644 /* TabBarControllerInCodeTests */ = {
			isa = PBXNativeTarget;
			buildConfigurationList = 12BFB6F41A82EB9D00C9D644 /* Build configuration list for PBXNativeTarget "TabBarControllerInCodeTests" */;
			buildPhases = (
				12BFB6E31A82EB9D00C9D644 /* Sources */,
				12BFB6E41A82EB9D00C9D644 /* Frameworks */,
				12BFB6E51A82EB9D00C9D644 /* Resources */,
			);
			buildRules = (
			);
			dependencies = (
				12BFB6E91A82EB9D00C9D644 /* PBXTargetDependency */,
			);
			name = TabBarControllerInCodeTests;
			productName = TabBarControllerInCodeTests;
			productReference = 12BFB6E71A82EB9D00C9D644 /* TabBarControllerInCodeTests.xctest */;
			productType = "com.apple.product-type.bundle.unit-test";
		};
/* End PBXNativeTarget section */

/* Begin PBXProject section */
		12BFB6CA1A82EB9D00C9D644 /* Project object */ = {
			isa = PBXProject;
			attributes = {
				LastUpgradeCheck = 0610;
				ORGANIZATIONNAME = "Michael Rogers";
				TargetAttributes = {
					12BFB6D11A82EB9D00C9D644 = {
						CreatedOnToolsVersion = 6.1.1;
					};
					12BFB6E61A82EB9D00C9D644 = {
						CreatedOnToolsVersion = 6.1.1;
						TestTargetID = 12BFB6D11A82EB9D00C9D644;
					};
				};
			};
			buildConfigurationList = 12BFB6CD1A82EB9D00C9D644 /* Build configuration list for PBXProject "TabBarControllerInCode" */;
			compatibilityVersion = "Xcode 3.2";
			developmentRegion = English;
			hasScannedForEncodings = 0;
			knownRegions = (
				en,
				Base,
			);
			mainGroup = 12BFB6C91A82EB9D00C9D644;
			productRefGroup = 12BFB6D31A82EB9D00C9D644 /* Products */;
			projectDirPath = "";
			projectRoot = "";
			targets = (
				12BFB6D11A82EB9D00C9D644 /* TabBarControllerInCode */,
				12BFB6E61A82EB9D00C9D644 /* TabBarControllerInCodeTests */,
			);
		};
/* End PBXProject section */

/* Begin PBXResourcesBuildPhase section */
		12BFB6D01A82EB9D00C9D644 /* Resources */ = {
			isa = PBXResourcesBuildPhase;
			buildActionMask = 2147483647;
			files = (
				12BFB6DD1A82EB9D00C9D644 /* Main.storyboard in Resources */,
				12BFB6E21A82EB9D00C9D644 /* LaunchScreen.xib in Resources */,
				12BFB6DF1A82EB9D00C9D644 /* Images.xcassets in Resources */,
			);
			runOnlyForDeploymentPostprocessing = 0;
		};
		12BFB6E51A82EB9D00C9D644 /* Resources */ = {
			isa = PBXResourcesBuildPhase;
			buildActionMask = 2147483647;
			files = (
			);
			runOnlyForDeploymentPostprocessing = 0;
		};
/* End PBXResourcesBuildPhase section */

/* Begin PBXSourcesBuildPhase section */
		12BFB6CE1A82EB9D00C9D644 /* Sources */ = {
			isa = PBXSourcesBuildPhase;
			buildActionMask = 2147483647;
			files = (
				12BFB6DA1A82EB9D00C9D644 /* ViewController.swift in Sources */,
				12BFB6D81A82EB9D00C9D644 /* AppDelegate.swift in Sources */,
			);
			runOnlyForDeploymentPostprocessing = 0;
		};
		12BFB6E31A82EB9D00C9D644 /* Sources */ = {
			isa = PBXSourcesBuildPhase;
			buildActionMask = 2147483647;
			files = (
				12BFB6EE1A82EB9D00C9D644 /* TabBarControllerInCodeTests.swift in Sources */,
			);
			runOnlyForDeploymentPostprocessing = 0;
		};
/* End PBXSourcesBuildPhase section */

/* Begin PBXTargetDependency section */
		12BFB6E91A82EB9D00C9D644 /* PBXTargetDependency */ = {
			isa = PBXTargetDependency;
			target = 12BFB6D11A82EB9D00C9D644 /* TabBarControllerInCode */;
			targetProxy = 12BFB6E81A82EB9D00C9D644 /* PBXContainerItemProxy */;
		};
/* End PBXTargetDependency section */

/* Begin PBXVariantGroup section */
		12BFB6DB1A82EB9D00C9D644 /* Main.storyboard */ = {
			isa = PBXVariantGroup;
			children = (
				12BFB6DC1A82EB9D00C9D644 /* Base */,
			);
			name = Main.storyboard;
			sourceTree = "<group>";
		};
		12BFB6E01A82EB9D00C9D644 /* LaunchScreen.xib */ = {
			isa = PBXVariantGroup;
			children = (
				12BFB6E11A82EB9D00C9D644 /* Base */,
			);
			name = LaunchScreen.xib;
			sourceTree = "<group>";
		};
/* End PBXVariantGroup section */

/* Begin XCBuildConfiguration section */
		12BFB6EF1A82EB9D00C9D644 /* Debug */ = {
			isa = XCBuildConfiguration;
			buildSettings = {
				ALWAYS_SEARCH_USER_PATHS = NO;
				CLANG_CXX_LANGUAGE_STANDARD = "gnu++0x";
				CLANG_CXX_LIBRARY = "libc++";
				CLANG_ENABLE_MODULES = YES;
				CLANG_ENABLE_OBJC_ARC = YES;
				CLANG_WARN_BOOL_CONVERSION = YES;
				CLANG_WARN_CONSTANT_CONVERSION = YES;
				CLANG_WARN_DIRECT_OBJC_ISA_USAGE = YES_ERROR;
				CLANG_WARN_EMPTY_BODY = YES;
				CLANG_WARN_ENUM_CONVERSION = YES;
				CLANG_WARN_INT_CONVERSION = YES;
				CLANG_WARN_OBJC_ROOT_CLASS = YES_ERROR;
				CLANG_WARN_UNREACHABLE_CODE = YES;
				CLANG_WARN__DUPLICATE_METHOD_MATCH = YES;
				"CODE_SIGN_IDENTITY[sdk=iphoneos*]" = "iPhone Developer";
				COPY_PHASE_STRIP = NO;
				ENABLE_STRICT_OBJC_MSGSEND = YES;
				GCC_C_LANGUAGE_STANDARD = gnu99;
				GCC_DYNAMIC_NO_PIC = NO;
				GCC_OPTIMIZATION_LEVEL = 0;
				GCC_PREPROCESSOR_DEFINITIONS = (
					"DEBUG=1",
					"$(inherited)",
				);
				GCC_SYMBOLS_PRIVATE_EXTERN = NO;
				GCC_WARN_64_TO_32_BIT_CONVERSION = YES;
				GCC_WARN_ABOUT_RETURN_TYPE = YES_ERROR;
				GCC_WARN_UNDECLARED_SELECTOR = YES;
				GCC_WARN_UNINITIALIZED_AUTOS = YES_AGGRESSIVE;
				GCC_WARN_UNUSED_FUNCTION = YES;
				GCC_WARN_UNUSED_VARIABLE = YES;
				IPHONEOS_DEPLOYMENT_TARGET = 8.1;
				MTL_ENABLE_DEBUG_INFO = YES;
				ONLY_ACTIVE_ARCH = YES;
				SDKROOT = iphoneos;
				SWIFT_OPTIMIZATION_LEVEL = "-Onone";
			};
			name = Debug;
		};
		12BFB6F01A82EB9D00C9D644 /* Release */ = {
			isa = XCBuildConfiguration;
			buildSettings = {
				ALWAYS_SEARCH_USER_PATHS = NO;
				CLANG_CXX_LANGUAGE_STANDARD = "gnu++0x";
				CLANG_CXX_LIBRARY = "libc++";
				CLANG_ENABLE_MODULES = YES;
				CLANG_ENABLE_OBJC_ARC = YES;
				CLANG_WARN_BOOL_CONVERSION = YES;
				CLANG_WARN_CONSTANT_CONVERSION = YES;
				CLANG_WARN_DIRECT_OBJC_ISA_USAGE = YES_ERROR;
				CLANG_WARN_EMPTY_BODY = YES;
				CLANG_WARN_ENUM_CONVERSION = YES;
				CLANG_WARN_INT_CONVERSION = YES;
				CLANG_WARN_OBJC_ROOT_CLASS = YES_ERROR;
				CLANG_WARN_UNREACHABLE_CODE = YES;
				CLANG_WARN__DUPLICATE_METHOD_MATCH = YES;
				"CODE_SIGN_IDENTITY[sdk=iphoneos*]" = "iPhone Developer";
				COPY_PHASE_STRIP = YES;
				ENABLE_NS_ASSERTIONS = NO;
				ENABLE_STRICT_OBJC_MSGSEND = YES;
				GCC_C_LANGUAGE_STANDARD = gnu99;
				GCC_WARN_64_TO_32_BIT_CONVERSION = YES;
				GCC_WARN_ABOUT_RETURN_TYPE = YES_ERROR;
				GCC_WARN_UNDECLARED_SELECTOR = YES;
				GCC_WARN_UNINITIALIZED_AUTOS = YES_AGGRESSIVE;
				GCC_WARN_UNUSED_FUNCTION = YES;
				GCC_WARN_UNUSED_VARIABLE = YES;
				IPHONEOS_DEPLOYMENT_TARGET = 8.1;
				MTL_ENABLE_DEBUG_INFO = NO;
				SDKROOT = iphoneos;
				VALIDATE_PRODUCT = YES;
			};
			name = Release;
		};
		12BFB6F21A82EB9D00C9D644 /* Debug */ = {
			isa = XCBuildConfiguration;
			buildSettings = {
				ASSETCATALOG_COMPILER_APPICON_NAME = AppIcon;
				INFOPLIST_FILE = TabBarControllerInCode/Info.plist;
				LD_RUNPATH_SEARCH_PATHS = "$(inherited) @executable_path/Frameworks";
				PRODUCT_NAME = "$(TARGET_NAME)";
			};
			name = Debug;
		};
		12BFB6F31A82EB9D00C9D644 /* Release */ = {
			isa = XCBuildConfiguration;
			buildSettings = {
				ASSETCATALOG_COMPILER_APPICON_NAME = AppIcon;
				INFOPLIST_FILE = TabBarControllerInCode/Info.plist;
				LD_RUNPATH_SEARCH_PATHS = "$(inherited) @executable_path/Frameworks";
				PRODUCT_NAME = "$(TARGET_NAME)";
			};
			name = Release;
		};
		12BFB6F51A82EB9D00C9D644 /* Debug */ = {
			isa = XCBuildConfiguration;
			buildSettings = {
				BUNDLE_LOADER = "$(TEST_HOST)";
				FRAMEWORK_SEARCH_PATHS = (
					"$(SDKROOT)/Developer/Library/Frameworks",
					"$(inherited)",
				);
				GCC_PREPROCESSOR_DEFINITIONS = (
					"DEBUG=1",
					"$(inherited)",
				);
				INFOPLIST_FILE = TabBarControllerInCodeTests/Info.plist;
				LD_RUNPATH_SEARCH_PATHS = "$(inherited) @executable_path/Frameworks @loader_path/Frameworks";
				PRODUCT_NAME = "$(TARGET_NAME)";
				TEST_HOST = "$(BUILT_PRODUCTS_DIR)/TabBarControllerInCode.app/TabBarControllerInCode";
			};
			name = Debug;
		};
		12BFB6F61A82EB9D00C9D644 /* Release */ = {
			isa = XCBuildConfiguration;
			buildSettings = {
				BUNDLE_LOADER = "$(TEST_HOST)";
				FRAMEWORK_SEARCH_PATHS = (
					"$(SDKROOT)/Developer/Library/Frameworks",
					"$(inherited)",
				);
				INFOPLIST_FILE = TabBarControllerInCodeTests/Info.plist;
				LD_RUNPATH_SEARCH_PATHS = "$(inherited) @executable_path/Frameworks @loader_path/Frameworks";
				PRODUCT_NAME = "$(TARGET_NAME)";
				TEST_HOST = "$(BUILT_PRODUCTS_DIR)/TabBarControllerInCode.app/TabBarControllerInCode";
			};
			name = Release;
		};
/* End XCBuildConfiguration section */

/* Begin XCConfigurationList section */
		12BFB6CD1A82EB9D00C9D644 /* Build configuration list for PBXProject "TabBarControllerInCode" */ = {
			isa = XCConfigurationList;
			buildConfigurations = (
				12BFB6EF1A82EB9D00C9D644 /* Debug */,
				12BFB6F01A82EB9D00C9D644 /* Release */,
			);
			defaultConfigurationIsVisible = 0;
			defaultConfigurationName = Release;
		};
		12BFB6F11A82EB9D00C9D644 /* Build configuration list for PBXNativeTarget "TabBarControllerInCode" */ = {
			isa = XCConfigurationList;
			buildConfigurations = (
				12BFB6F21A82EB9D00C9D644 /* Debug */,
				12BFB6F31A82EB9D00C9D644 /* Release */,
			);
			defaultConfigurationIsVisible = 0;
		};
		12BFB6F41A82EB9D00C9D644 /* Build configuration list for PBXNativeTarget "TabBarControllerInCodeTests" */ = {
			isa = XCConfigurationList;
			buildConfigurations = (
				12BFB6F51A82EB9D00C9D644 /* Debug */,
				12BFB6F61A82EB9D00C9D644 /* Release */,
			);
			defaultConfigurationIsVisible = 0;
		};
/* End XCConfigurationList section */
	};
	rootObject = 12BFB6CA1A82EB9D00C9D644 /* Project object */;
}
